
Microsoft Visual Studio Solution File, Format Version 12.00
# Visual Studio 2012
Project("{FAE04EC0-301F-11D3-BF4B-00C04F79EFBC}") = "Core", "Core\Core.csproj", "{854602DB-7AC0-4A70-A2AE-584D0529721A}"
EndProject
Project("{FAE04EC0-301F-11D3-BF4B-00C04F79EFBC}") = "ConsoleAppTest", "ConsoleAppTest\ConsoleAppTest.csproj", "{2C4011FF-A038-4B5D-9EC1-5FBE23DB6AD5}"
EndProject
Global
	GlobalSection(SolutionConfigurationPlatforms) = preSolution
		Debug|Any CPU = Debug|Any CPU
		Release|Any CPU = Release|Any CPU
	EndGlobalSection
	GlobalSection(ProjectConfigurationPlatforms) = postSolution
		{854602DB-7AC0-4A70-A2AE-584D0529721A}.Debug|Any CPU.ActiveCfg = Debug|Any CPU
		{854602DB-7AC0-4A70-A2AE-584D0529721A}.Debug|Any CPU.Build.0 = Debug|Any CPU
		{854602DB-7AC0-4A70-A2AE-584D0529721A}.Release|Any CPU.ActiveCfg = Release|Any CPU
		{854602DB-7AC0-4A70-A2AE-584D0529721A}.Release|Any CPU.Build.0 = Release|Any CPU
		{2C4011FF-A038-4B5D-9EC1-5FBE23DB6AD5}.Debug|Any CPU.ActiveCfg = Debug|Any CPU
		{2C4011FF-A038-4B5D-9EC1-5FBE23DB6AD5}.Debug|Any CPU.Build.0 = Debug|Any CPU
		{2C4011FF-A038-4B5D-9EC1-5FBE23DB6AD5}.Release|Any CPU.ActiveCfg = Release|Any CPU
		{2C4011FF-A038-4B5D-9EC1-5FBE23DB6AD5}.Release|Any CPU.Build.0 = Release|Any CPU
	EndGlobalSection
	GlobalSection(SolutionProperties) = preSolution
		HideSolutionNode = FALSE
	EndGlobalSection
EndGlobal
